
Microsoft Visual Studio Solution File, Format Version 12.00
# Visual Studio Version 17
VisualStudioVersion = 17.3.32825.248
MinimumVisualStudioVersion = 10.0.40219.1
Project("{FAE04EC0-301F-11D3-BF4B-00C04F79EFBC}") = "DzNa1okt", "DzNa1okt.csproj", "{FE4244D0-F059-4402-B2BF-8BDC1571ADF9}"
EndProject
Project("{FAE04EC0-301F-11D3-BF4B-00C04F79EFBC}") = "Tym30", "Tym30\Tym30.csproj", "{A77A10F3-461D-471E-8B6C-6CB7B00DD9C1}"
EndProject
Global
	GlobalSection(SolutionConfigurationPlatforms) = preSolution
		Debug|Any CPU = Debug|Any CPU
		Release|Any CPU = Release|Any CPU
	EndGlobalSection
	GlobalSection(ProjectConfigurationPlatforms) = postSolution
		{FE4244D0-F059-4402-B2BF-8BDC1571ADF9}.Debug|Any CPU.ActiveCfg = Debug|Any CPU
		{FE4244D0-F059-4402-B2BF-8BDC1571ADF9}.Debug|Any CPU.Build.0 = Debug|Any CPU
		{FE4244D0-F059-4402-B2BF-8BDC1571ADF9}.Release|Any CPU.ActiveCfg = Release|Any CPU
		{FE4244D0-F059-4402-B2BF-8BDC1571ADF9}.Release|Any CPU.Build.0 = Release|Any CPU
		{A77A10F3-461D-471E-8B6C-6CB7B00DD9C1}.Debug|Any CPU.ActiveCfg = Debug|Any CPU
		{A77A10F3-461D-471E-8B6C-6CB7B00DD9C1}.Debug|Any CPU.Build.0 = Debug|Any CPU
		{A77A10F3-461D-471E-8B6C-6CB7B00DD9C1}.Release|Any CPU.ActiveCfg = Release|Any CPU
		{A77A10F3-461D-471E-8B6C-6CB7B00DD9C1}.Release|Any CPU.Build.0 = Release|Any CPU
	EndGlobalSection
	GlobalSection(SolutionProperties) = preSolution
		HideSolutionNode = FALSE
	EndGlobalSection
	GlobalSection(ExtensibilityGlobals) = postSolution
		SolutionGuid = {3C189889-27B0-4C90-81BD-C11D9C251A62}
	EndGlobalSection
EndGlobal
